
Microsoft Visual Studio Solution File, Format Version 12.00
# Visual Studio 15
VisualStudioVersion = 15.0.26430.16
MinimumVisualStudioVersion = 10.0.40219.1
Project("{FAE04EC0-301F-11D3-BF4B-00C04F79EFBC}") = "Testsetup", "Testsetup\Testsetup.csproj", "{B8C8D45D-70E6-4D90-BBE5-EB422350C087}"
EndProject
Project("{54435603-DBB4-11D2-8724-00A0C9A8B90C}") = "SetupProjectTest", "SetupProjectTest\SetupProjectTest.vdproj", "{73208E83-C4BA-42C4-8CC8-4A485D632D80}"
EndProject
Global
	GlobalSection(SolutionConfigurationPlatforms) = preSolution
		Debug|Any CPU = Debug|Any CPU
		Release|Any CPU = Release|Any CPU
	EndGlobalSection
	GlobalSection(ProjectConfigurationPlatforms) = postSolution
		{B8C8D45D-70E6-4D90-BBE5-EB422350C087}.Debug|Any CPU.ActiveCfg = Debug|Any CPU
		{B8C8D45D-70E6-4D90-BBE5-EB422350C087}.Debug|Any CPU.Build.0 = Debug|Any CPU
		{B8C8D45D-70E6-4D90-BBE5-EB422350C087}.Release|Any CPU.ActiveCfg = Release|Any CPU
		{B8C8D45D-70E6-4D90-BBE5-EB422350C087}.Release|Any CPU.Build.0 = Release|Any CPU
		{73208E83-C4BA-42C4-8CC8-4A485D632D80}.Debug|Any CPU.ActiveCfg = Debug
		{73208E83-C4BA-42C4-8CC8-4A485D632D80}.Release|Any CPU.ActiveCfg = Release
	EndGlobalSection
	GlobalSection(SolutionProperties) = preSolution
		HideSolutionNode = FALSE
	EndGlobalSection
EndGlobal
